
Microsoft Visual Studio Solution File, Format Version 12.00
# Visual Studio Version 16
VisualStudioVersion = 16.0.32413.511
MinimumVisualStudioVersion = 10.0.40219.1
Project("{FAE04EC0-301F-11D3-BF4B-00C04F79EFBC}") = "Domain", "Domain\Domain.csproj", "{113C69ED-9CC7-457F-849D-D8744DD186FC}"
EndProject
Project("{FAE04EC0-301F-11D3-BF4B-00C04F79EFBC}") = "Application", "Application\Application.csproj", "{2A9BBC58-ECC3-42CD-ADEB-F65A81A70ACF}"
EndProject
Project("{FAE04EC0-301F-11D3-BF4B-00C04F79EFBC}") = "Infraestructure", "Infraestructure\Infraestructure.csproj", "{A8372B78-4411-4CFA-BA41-02183D413FBA}"
EndProject
Project("{FAE04EC0-301F-11D3-BF4B-00C04F79EFBC}") = "Form", "Form\Form.csproj", "{784ECD4E-CFB9-4CE0-BF6F-EBDE534710C0}"
EndProject
Global
	GlobalSection(SolutionConfigurationPlatforms) = preSolution
		Debug|Any CPU = Debug|Any CPU
		Release|Any CPU = Release|Any CPU
	EndGlobalSection
	GlobalSection(ProjectConfigurationPlatforms) = postSolution
		{113C69ED-9CC7-457F-849D-D8744DD186FC}.Debug|Any CPU.ActiveCfg = Debug|Any CPU
		{113C69ED-9CC7-457F-849D-D8744DD186FC}.Debug|Any CPU.Build.0 = Debug|Any CPU
		{113C69ED-9CC7-457F-849D-D8744DD186FC}.Release|Any CPU.ActiveCfg = Release|Any CPU
		{113C69ED-9CC7-457F-849D-D8744DD186FC}.Release|Any CPU.Build.0 = Release|Any CPU
		{2A9BBC58-ECC3-42CD-ADEB-F65A81A70ACF}.Debug|Any CPU.ActiveCfg = Debug|Any CPU
		{2A9BBC58-ECC3-42CD-ADEB-F65A81A70ACF}.Debug|Any CPU.Build.0 = Debug|Any CPU
		{2A9BBC58-ECC3-42CD-ADEB-F65A81A70ACF}.Release|Any CPU.ActiveCfg = Release|Any CPU
		{2A9BBC58-ECC3-42CD-ADEB-F65A81A70ACF}.Release|Any CPU.Build.0 = Release|Any CPU
		{A8372B78-4411-4CFA-BA41-02183D413FBA}.Debug|Any CPU.ActiveCfg = Debug|Any CPU
		{A8372B78-4411-4CFA-BA41-02183D413FBA}.Debug|Any CPU.Build.0 = Debug|Any CPU
		{A8372B78-4411-4CFA-BA41-02183D413FBA}.Release|Any CPU.ActiveCfg = Release|Any CPU
		{A8372B78-4411-4CFA-BA41-02183D413FBA}.Release|Any CPU.Build.0 = Release|Any CPU
		{784ECD4E-CFB9-4CE0-BF6F-EBDE534710C0}.Debug|Any CPU.ActiveCfg = Debug|Any CPU
		{784ECD4E-CFB9-4CE0-BF6F-EBDE534710C0}.Debug|Any CPU.Build.0 = Debug|Any CPU
		{784ECD4E-CFB9-4CE0-BF6F-EBDE534710C0}.Release|Any CPU.ActiveCfg = Release|Any CPU
		{784ECD4E-CFB9-4CE0-BF6F-EBDE534710C0}.Release|Any CPU.Build.0 = Release|Any CPU
	EndGlobalSection
	GlobalSection(SolutionProperties) = preSolution
		HideSolutionNode = FALSE
	EndGlobalSection
	GlobalSection(ExtensibilityGlobals) = postSolution
		SolutionGuid = {1CBC67C6-3CFF-4060-A247-A912058689FD}
	EndGlobalSection
EndGlobal
