
Microsoft Visual Studio Solution File, Format Version 12.00
# Visual Studio Version 17
VisualStudioVersion = 17.1.32328.378
MinimumVisualStudioVersion = 10.0.40219.1
Project("{FAE04EC0-301F-11D3-BF4B-00C04F79EFBC}") = "PepitoSchoolForm", "PepitoSchoolForm\PepitoSchoolForm.csproj", "{BAF9DDA4-7A0A-4B18-94AA-DC21BCD33898}"
EndProject
Project("{FAE04EC0-301F-11D3-BF4B-00C04F79EFBC}") = "Infraestructure", "Infraestructure\Infraestructure.csproj", "{C4E207FC-C72D-479B-9C9D-315B60B8E40A}"
EndProject
Project("{FAE04EC0-301F-11D3-BF4B-00C04F79EFBC}") = "Applications", "Applications\Applications.csproj", "{C4F261AF-97C0-4908-8869-14F6C9F8525D}"
EndProject
Project("{FAE04EC0-301F-11D3-BF4B-00C04F79EFBC}") = "Domain", "Domain\Domain.csproj", "{BCE4C4C4-062B-49F1-8037-86F801FE9583}"
EndProject
Global
	GlobalSection(SolutionConfigurationPlatforms) = preSolution
		Debug|Any CPU = Debug|Any CPU
		Release|Any CPU = Release|Any CPU
	EndGlobalSection
	GlobalSection(ProjectConfigurationPlatforms) = postSolution
		{BAF9DDA4-7A0A-4B18-94AA-DC21BCD33898}.Debug|Any CPU.ActiveCfg = Debug|Any CPU
		{BAF9DDA4-7A0A-4B18-94AA-DC21BCD33898}.Debug|Any CPU.Build.0 = Debug|Any CPU
		{BAF9DDA4-7A0A-4B18-94AA-DC21BCD33898}.Release|Any CPU.ActiveCfg = Release|Any CPU
		{BAF9DDA4-7A0A-4B18-94AA-DC21BCD33898}.Release|Any CPU.Build.0 = Release|Any CPU
		{C4E207FC-C72D-479B-9C9D-315B60B8E40A}.Debug|Any CPU.ActiveCfg = Debug|Any CPU
		{C4E207FC-C72D-479B-9C9D-315B60B8E40A}.Debug|Any CPU.Build.0 = Debug|Any CPU
		{C4E207FC-C72D-479B-9C9D-315B60B8E40A}.Release|Any CPU.ActiveCfg = Release|Any CPU
		{C4E207FC-C72D-479B-9C9D-315B60B8E40A}.Release|Any CPU.Build.0 = Release|Any CPU
		{C4F261AF-97C0-4908-8869-14F6C9F8525D}.Debug|Any CPU.ActiveCfg = Debug|Any CPU
		{C4F261AF-97C0-4908-8869-14F6C9F8525D}.Debug|Any CPU.Build.0 = Debug|Any CPU
		{C4F261AF-97C0-4908-8869-14F6C9F8525D}.Release|Any CPU.ActiveCfg = Release|Any CPU
		{C4F261AF-97C0-4908-8869-14F6C9F8525D}.Release|Any CPU.Build.0 = Release|Any CPU
		{BCE4C4C4-062B-49F1-8037-86F801FE9583}.Debug|Any CPU.ActiveCfg = Debug|Any CPU
		{BCE4C4C4-062B-49F1-8037-86F801FE9583}.Debug|Any CPU.Build.0 = Debug|Any CPU
		{BCE4C4C4-062B-49F1-8037-86F801FE9583}.Release|Any CPU.ActiveCfg = Release|Any CPU
		{BCE4C4C4-062B-49F1-8037-86F801FE9583}.Release|Any CPU.Build.0 = Release|Any CPU
	EndGlobalSection
	GlobalSection(SolutionProperties) = preSolution
		HideSolutionNode = FALSE
	EndGlobalSection
	GlobalSection(ExtensibilityGlobals) = postSolution
		SolutionGuid = {1CBC67C6-3CFF-4060-A247-A912058689FD}
	EndGlobalSection
EndGlobal
