
Microsoft Visual Studio Solution File, Format Version 12.00
# Visual Studio Version 17
VisualStudioVersion = 17.1.32328.378
MinimumVisualStudioVersion = 10.0.40219.1
Project("{FAE04EC0-301F-11D3-BF4B-00C04F79EFBC}") = "PepitoSchoolForm", "PepitoSchoolForm\PepitoSchoolForm.csproj", "{67B0B6E4-952D-46E4-880D-5470291C2DDA}"
EndProject
Project("{FAE04EC0-301F-11D3-BF4B-00C04F79EFBC}") = "PepitoschoolApp", "PepitoschoolApp\PepitoschoolApp.csproj", "{6DED674C-A01A-4C91-8297-54A069490179}"
EndProject
Project("{FAE04EC0-301F-11D3-BF4B-00C04F79EFBC}") = "Domain", "Domain\Domain.csproj", "{2DEEC075-00DB-44C7-BCB3-93E8E3E3A61E}"
EndProject
Project("{FAE04EC0-301F-11D3-BF4B-00C04F79EFBC}") = "Infraestructure", "Infraestructure\Infraestructure.csproj", "{418D6D05-B5EE-4E1F-8AF3-711BEEF24E31}"
EndProject
Global
	GlobalSection(SolutionConfigurationPlatforms) = preSolution
		Debug|Any CPU = Debug|Any CPU
		Release|Any CPU = Release|Any CPU
	EndGlobalSection
	GlobalSection(ProjectConfigurationPlatforms) = postSolution
		{67B0B6E4-952D-46E4-880D-5470291C2DDA}.Debug|Any CPU.ActiveCfg = Debug|Any CPU
		{67B0B6E4-952D-46E4-880D-5470291C2DDA}.Debug|Any CPU.Build.0 = Debug|Any CPU
		{67B0B6E4-952D-46E4-880D-5470291C2DDA}.Release|Any CPU.ActiveCfg = Release|Any CPU
		{67B0B6E4-952D-46E4-880D-5470291C2DDA}.Release|Any CPU.Build.0 = Release|Any CPU
		{6DED674C-A01A-4C91-8297-54A069490179}.Debug|Any CPU.ActiveCfg = Debug|Any CPU
		{6DED674C-A01A-4C91-8297-54A069490179}.Debug|Any CPU.Build.0 = Debug|Any CPU
		{6DED674C-A01A-4C91-8297-54A069490179}.Release|Any CPU.ActiveCfg = Release|Any CPU
		{6DED674C-A01A-4C91-8297-54A069490179}.Release|Any CPU.Build.0 = Release|Any CPU
		{2DEEC075-00DB-44C7-BCB3-93E8E3E3A61E}.Debug|Any CPU.ActiveCfg = Debug|Any CPU
		{2DEEC075-00DB-44C7-BCB3-93E8E3E3A61E}.Debug|Any CPU.Build.0 = Debug|Any CPU
		{2DEEC075-00DB-44C7-BCB3-93E8E3E3A61E}.Release|Any CPU.ActiveCfg = Release|Any CPU
		{2DEEC075-00DB-44C7-BCB3-93E8E3E3A61E}.Release|Any CPU.Build.0 = Release|Any CPU
		{418D6D05-B5EE-4E1F-8AF3-711BEEF24E31}.Debug|Any CPU.ActiveCfg = Debug|Any CPU
		{418D6D05-B5EE-4E1F-8AF3-711BEEF24E31}.Debug|Any CPU.Build.0 = Debug|Any CPU
		{418D6D05-B5EE-4E1F-8AF3-711BEEF24E31}.Release|Any CPU.ActiveCfg = Release|Any CPU
		{418D6D05-B5EE-4E1F-8AF3-711BEEF24E31}.Release|Any CPU.Build.0 = Release|Any CPU
	EndGlobalSection
	GlobalSection(SolutionProperties) = preSolution
		HideSolutionNode = FALSE
	EndGlobalSection
	GlobalSection(ExtensibilityGlobals) = postSolution
		SolutionGuid = {1CBC67C6-3CFF-4060-A247-A912058689FD}
	EndGlobalSection
EndGlobal
